
Microsoft Visual Studio Solution File, Format Version 12.00
# Visual Studio Version 16
VisualStudioVersion = 16.0.32901.82
MinimumVisualStudioVersion = 10.0.40219.1
Project("{FAE04EC0-301F-11D3-BF4B-00C04F79EFBC}") = "PerfExec", "PerfExec\PerfExec.csproj", "{23BAC383-1CDB-4CFF-B10B-E405EBF59BDB}"
EndProject
Global
	GlobalSection(SolutionConfigurationPlatforms) = preSolution
		Debug|Any CPU = Debug|Any CPU
		Release|Any CPU = Release|Any CPU
	EndGlobalSection
	GlobalSection(ProjectConfigurationPlatforms) = postSolution
		{23BAC383-1CDB-4CFF-B10B-E405EBF59BDB}.Debug|Any CPU.ActiveCfg = Debug|Any CPU
		{23BAC383-1CDB-4CFF-B10B-E405EBF59BDB}.Debug|Any CPU.Build.0 = Debug|Any CPU
		{23BAC383-1CDB-4CFF-B10B-E405EBF59BDB}.Release|Any CPU.ActiveCfg = Release|Any CPU
		{23BAC383-1CDB-4CFF-B10B-E405EBF59BDB}.Release|Any CPU.Build.0 = Release|Any CPU
	EndGlobalSection
	GlobalSection(SolutionProperties) = preSolution
		HideSolutionNode = FALSE
	EndGlobalSection
	GlobalSection(ExtensibilityGlobals) = postSolution
		SolutionGuid = {F5B6D5B3-0A6B-4B70-8677-80DF3708EF04}
	EndGlobalSection
EndGlobal
